#
# This file is autogenerated by pip-compile with Python 3.11
# by the following command:
#
#    pip-compile --extra=dev --extra=security --output-file=requirements-dev.lock --strip-extras pyproject.toml
#
annotated-doc==0.0.4
    # via fastapi
annotated-types==0.7.0
    # via pydantic
anyio==4.13.0
    # via
    #   httpx
    #   starlette
    #   watchfiles
bandit==1.9.4
    # via agent-security-gate (pyproject.toml)
boolean-py==5.0
    # via license-expression
cachecontrol==0.14.4
    # via
    #   cachecontrol
    #   pip-audit
certifi==2026.5.20
    # via
    #   httpcore
    #   httpx
    #   requests
charset-normalizer==3.4.7
    # via requests
click==8.4.1
    # via uvicorn
cyclonedx-python-lib==11.10.0
    # via pip-audit
defusedxml==0.7.1
    # via py-serializable
fastapi==0.136.3
    # via agent-security-gate (pyproject.toml)
filelock==3.29.3
    # via cachecontrol
h11==0.16.0
    # via
    #   httpcore
    #   uvicorn
httpcore==1.0.9
    # via httpx
httptools==0.8.0
    # via uvicorn
httpx==0.28.1
    # via agent-security-gate (pyproject.toml)
idna==3.18
    # via
    #   anyio
    #   httpx
    #   requests
iniconfig==2.3.0
    # via pytest
license-expression==30.4.4
    # via cyclonedx-python-lib
markdown-it-py==4.2.0
    # via rich
mdurl==0.1.2
    # via markdown-it-py
msgpack==1.2.0
    # via cachecontrol
packageurl-python==0.17.6
    # via cyclonedx-python-lib
packaging==26.2
    # via
    #   pip-audit
    #   pip-requirements-parser
    #   pytest
pip-api==0.0.34
    # via pip-audit
pip-audit==2.10.1
    # via agent-security-gate (pyproject.toml)
pip-requirements-parser==32.0.1
    # via pip-audit
platformdirs==4.10.0
    # via pip-audit
pluggy==1.6.0
    # via pytest
psycopg==3.3.4
    # via agent-security-gate (pyproject.toml)
psycopg-binary==3.3.4
    # via psycopg
psycopg-pool==3.3.1
    # via psycopg
py-serializable==2.1.0
    # via cyclonedx-python-lib
pydantic==2.13.4
    # via
    #   agent-security-gate (pyproject.toml)
    #   fastapi
pydantic-core==2.46.4
    # via pydantic
pygments==2.20.0
    # via
    #   pytest
    #   rich
pyjwt==2.13.0
    # via agent-security-gate (pyproject.toml)
pyparsing==3.3.2
    # via pip-requirements-parser
pytest==9.0.3
    # via
    #   agent-security-gate (pyproject.toml)
    #   pytest-timeout
pytest-timeout==2.4.0
    # via agent-security-gate (pyproject.toml)
python-dotenv==1.2.2
    # via uvicorn
pyyaml==6.0.3
    # via
    #   agent-security-gate (pyproject.toml)
    #   bandit
    #   uvicorn
redis==8.0.0
    # via agent-security-gate (pyproject.toml)
requests==2.34.2
    # via
    #   cachecontrol
    #   pip-audit
rich==15.0.0
    # via
    #   bandit
    #   pip-audit
ruff==0.15.17
    # via agent-security-gate (pyproject.toml)
sortedcontainers==2.4.0
    # via cyclonedx-python-lib
starlette==1.3.0
    # via fastapi
stevedore==5.8.0
    # via bandit
tomli==2.4.1
    # via pip-audit
tomli-w==1.2.0
    # via pip-audit
typing-extensions==4.15.0
    # via
    #   anyio
    #   cyclonedx-python-lib
    #   fastapi
    #   psycopg
    #   psycopg-pool
    #   pydantic
    #   pydantic-core
    #   starlette
    #   typing-inspection
typing-inspection==0.4.2
    # via
    #   fastapi
    #   pydantic
urllib3==2.7.0
    # via requests
uvicorn==0.49.0
    # via agent-security-gate (pyproject.toml)
uvloop==0.22.1
    # via uvicorn
watchfiles==1.2.0
    # via uvicorn
websockets==16.0
    # via uvicorn

# The following packages are considered to be unsafe in a requirements file:
# pip
